
Microsoft Visual Studio Solution File, Format Version 12.00
# Visual Studio Version 17
VisualStudioVersion = 17.10.35122.118
MinimumVisualStudioVersion = 10.0.40219.1
Project("{D2ABAB84-BF74-430A-B69E-9DC6D40DDA17}") = "CuboSalidas", "CuboSalidas.dwproj", "{D5C14324-0D21-47AA-971D-2F386544A774}"
EndProject
Global
	GlobalSection(SolutionConfigurationPlatforms) = preSolution
		Development|Default = Development|Default
	EndGlobalSection
	GlobalSection(ProjectConfigurationPlatforms) = postSolution
		{D5C14324-0D21-47AA-971D-2F386544A774}.Development|Default.ActiveCfg = Development
		{D5C14324-0D21-47AA-971D-2F386544A774}.Development|Default.Build.0 = Development
		{D5C14324-0D21-47AA-971D-2F386544A774}.Development|Default.Deploy.0 = Development
	EndGlobalSection
	GlobalSection(SolutionProperties) = preSolution
		HideSolutionNode = FALSE
	EndGlobalSection
	GlobalSection(ExtensibilityGlobals) = postSolution
		SolutionGuid = {70D9A08B-4623-45BE-AB26-8968A83BCDD9}
	EndGlobalSection
EndGlobal
